
Microsoft Visual Studio Solution File, Format Version 11.00
# Visual Studio 2010
Project("{FAE04EC0-301F-11D3-BF4B-00C04F79EFBC}") = "Epi.Web", "Epi.Web\Epi.Web.csproj", "{D7A6E617-B077-4F9A-9646-F2083B4A0FD0}"
EndProject
Project("{FAE04EC0-301F-11D3-BF4B-00C04F79EFBC}") = "Epi.Web.Interfaces", "Epi.Web.Interfaces\Epi.Web.Interfaces.csproj", "{B8AF69BD-3CE1-4AA5-875D-3FB87C7FCE44}"
EndProject
Project("{FAE04EC0-301F-11D3-BF4B-00C04F79EFBC}") = "Epi.Web.BLL", "EIWS_BLL_Core\Epi.Web.BLL.csproj", "{D49B7A21-644B-49D7-9A5D-387BF31EAFE5}"
EndProject
Project("{FAE04EC0-301F-11D3-BF4B-00C04F79EFBC}") = "Epi.Web.EF", "Epi.Web.EF\Epi.Web.EF.csproj", "{05A484AB-A555-4200-936B-BEC573285BCC}"
EndProject
Project("{FAE04EC0-301F-11D3-BF4B-00C04F79EFBC}") = "Epi.Web.SurveyManager", "SurveyManagerInterface\Epi.Web.SurveyManager.csproj", "{31F91938-2997-4650-8D36-71C845F1071D}"
EndProject
Project("{E24C65DC-7377-472B-9ABA-BC803B73C61A}") = "Epi.Web.ServiceHost", "Epi.Web.ServiceHost", "{87C1365F-B3D2-4D30-9C3B-D26CE677D7FE}"
	ProjectSection(WebsiteProperties) = preProject
		SccProjectName = "SAK"
		SccAuxPath = "SAK"
		SccLocalPath = "SAK"
		SccProvider = "SAK"
		TargetFrameworkMoniker = ".NETFramework,Version%3Dv4.0"
		ProjectReferences = "{31F91938-2997-4650-8D36-71C845F1071D}|Epi.Web.SurveyManager.dll;{D49B7A21-644B-49D7-9A5D-387BF31EAFE5}|Epi.Web.BLL.dll;{05A484AB-A555-4200-936B-BEC573285BCC}|Epi.Web.EF.dll;{B8AF69BD-3CE1-4AA5-875D-3FB87C7FCE44}|Epi.Web.Interfaces.dll;"
		Debug.AspNetCompiler.VirtualPath = "/Epi.Web.ServiceHost"
		Debug.AspNetCompiler.PhysicalPath = "Epi.Web.ServiceHost\"
		Debug.AspNetCompiler.TargetPath = "PrecompiledWeb\Epi.Web.ServiceHost\"
		Debug.AspNetCompiler.Updateable = "true"
		Debug.AspNetCompiler.ForceOverwrite = "true"
		Debug.AspNetCompiler.FixedNames = "false"
		Debug.AspNetCompiler.Debug = "True"
		Release.AspNetCompiler.VirtualPath = "/Epi.Web.ServiceHost"
		Release.AspNetCompiler.PhysicalPath = "Epi.Web.ServiceHost\"
		Release.AspNetCompiler.TargetPath = "PrecompiledWeb\Epi.Web.ServiceHost\"
		Release.AspNetCompiler.Updateable = "true"
		Release.AspNetCompiler.ForceOverwrite = "true"
		Release.AspNetCompiler.FixedNames = "false"
		Release.AspNetCompiler.Debug = "False"
		VWDPort = "22587"
	EndProjectSection
EndProject
Project("{FAE04EC0-301F-11D3-BF4B-00C04F79EFBC}") = "Epi.Web.SurveyManager.Client", "Epi.Web.SurveyManager_Test\Epi.Web.SurveyManager.Client.csproj", "{13D8FD8D-1403-4C84-823A-1E27806CAC30}"
	ProjectSection(ProjectDependencies) = postProject
		{87C1365F-B3D2-4D30-9C3B-D26CE677D7FE} = {87C1365F-B3D2-4D30-9C3B-D26CE677D7FE}
	EndProjectSection
EndProject
Project("{FAE04EC0-301F-11D3-BF4B-00C04F79EFBC}") = "Epi.Web.BLL.Test", "Epi.Web.SurveyManager.Test\Epi.Web.BLL.Test.csproj", "{163A960D-721D-4C43-B4D9-66522FFA3BAE}"
EndProject
Global
	GlobalSection(TeamFoundationVersionControl) = preSolution
		SccNumberOfProjects = 9
		SccEnterpriseProvider = {4CA58AB2-18FA-4F8D-95D4-32DDF27D184C}
		SccTeamFoundationServer = https://tfs.codeplex.com/tfs/tfs04
		SccLocalPath0 = .
		SccProjectUniqueName1 = Epi.Web\\Epi.Web.csproj
		SccProjectName1 = Epi.Web
		SccLocalPath1 = Epi.Web
		SccProjectUniqueName2 = Epi.Web.Interfaces\\Epi.Web.Interfaces.csproj
		SccProjectName2 = Epi.Web.Interfaces
		SccLocalPath2 = Epi.Web.Interfaces
		SccProjectUniqueName3 = EIWS_BLL_Core\\Epi.Web.BLL.csproj
		SccProjectName3 = EIWS_BLL_Core
		SccLocalPath3 = EIWS_BLL_Core
		SccProjectUniqueName4 = Epi.Web.EF\\Epi.Web.EF.csproj
		SccProjectName4 = Epi.Web.EF
		SccLocalPath4 = Epi.Web.EF
		SccProjectUniqueName5 = SurveyManagerInterface\\Epi.Web.SurveyManager.csproj
		SccProjectName5 = SurveyManagerInterface
		SccLocalPath5 = SurveyManagerInterface
		SccWebProject6 = true
		SccProjectUniqueName6 = Epi.Web.ServiceHost
		SccProjectName6 = Epi.Web.ServiceHost
		SccLocalPath6 = Epi.Web.ServiceHost
		SccProjectEnlistmentChoice6 = 2
		SccProjectUniqueName7 = Epi.Web.SurveyManager_Test\\Epi.Web.SurveyManager.Client.csproj
		SccProjectName7 = Epi.Web.SurveyManager_Test
		SccLocalPath7 = Epi.Web.SurveyManager_Test
		SccProjectUniqueName8 = Epi.Web.SurveyManager.Test\\Epi.Web.BLL.Test.csproj
		SccProjectName8 = Epi.Web.SurveyManager.Test
		SccLocalPath8 = Epi.Web.SurveyManager.Test
	EndGlobalSection
	GlobalSection(SolutionConfigurationPlatforms) = preSolution
		Debug|Any CPU = Debug|Any CPU
		Debug|Mixed Platforms = Debug|Mixed Platforms
		Debug|x86 = Debug|x86
		Release|Any CPU = Release|Any CPU
		Release|Mixed Platforms = Release|Mixed Platforms
		Release|x86 = Release|x86
	EndGlobalSection
	GlobalSection(ProjectConfigurationPlatforms) = postSolution
		{D7A6E617-B077-4F9A-9646-F2083B4A0FD0}.Debug|Any CPU.ActiveCfg = Debug|Any CPU
		{D7A6E617-B077-4F9A-9646-F2083B4A0FD0}.Debug|Any CPU.Build.0 = Debug|Any CPU
		{D7A6E617-B077-4F9A-9646-F2083B4A0FD0}.Debug|Mixed Platforms.ActiveCfg = Debug|Any CPU
		{D7A6E617-B077-4F9A-9646-F2083B4A0FD0}.Debug|Mixed Platforms.Build.0 = Debug|Any CPU
		{D7A6E617-B077-4F9A-9646-F2083B4A0FD0}.Debug|x86.ActiveCfg = Debug|Any CPU
		{D7A6E617-B077-4F9A-9646-F2083B4A0FD0}.Release|Any CPU.ActiveCfg = Release|Any CPU
		{D7A6E617-B077-4F9A-9646-F2083B4A0FD0}.Release|Any CPU.Build.0 = Release|Any CPU
		{D7A6E617-B077-4F9A-9646-F2083B4A0FD0}.Release|Mixed Platforms.ActiveCfg = Release|Any CPU
		{D7A6E617-B077-4F9A-9646-F2083B4A0FD0}.Release|Mixed Platforms.Build.0 = Release|Any CPU
		{D7A6E617-B077-4F9A-9646-F2083B4A0FD0}.Release|x86.ActiveCfg = Release|Any CPU
		{B8AF69BD-3CE1-4AA5-875D-3FB87C7FCE44}.Debug|Any CPU.ActiveCfg = Debug|Any CPU
		{B8AF69BD-3CE1-4AA5-875D-3FB87C7FCE44}.Debug|Any CPU.Build.0 = Debug|Any CPU
		{B8AF69BD-3CE1-4AA5-875D-3FB87C7FCE44}.Debug|Mixed Platforms.ActiveCfg = Debug|Any CPU
		{B8AF69BD-3CE1-4AA5-875D-3FB87C7FCE44}.Debug|Mixed Platforms.Build.0 = Debug|Any CPU
		{B8AF69BD-3CE1-4AA5-875D-3FB87C7FCE44}.Debug|x86.ActiveCfg = Debug|Any CPU
		{B8AF69BD-3CE1-4AA5-875D-3FB87C7FCE44}.Release|Any CPU.ActiveCfg = Release|Any CPU
		{B8AF69BD-3CE1-4AA5-875D-3FB87C7FCE44}.Release|Any CPU.Build.0 = Release|Any CPU
		{B8AF69BD-3CE1-4AA5-875D-3FB87C7FCE44}.Release|Mixed Platforms.ActiveCfg = Release|Any CPU
		{B8AF69BD-3CE1-4AA5-875D-3FB87C7FCE44}.Release|Mixed Platforms.Build.0 = Release|Any CPU
		{B8AF69BD-3CE1-4AA5-875D-3FB87C7FCE44}.Release|x86.ActiveCfg = Release|Any CPU
		{D49B7A21-644B-49D7-9A5D-387BF31EAFE5}.Debug|Any CPU.ActiveCfg = Debug|Any CPU
		{D49B7A21-644B-49D7-9A5D-387BF31EAFE5}.Debug|Any CPU.Build.0 = Debug|Any CPU
		{D49B7A21-644B-49D7-9A5D-387BF31EAFE5}.Debug|Mixed Platforms.ActiveCfg = Debug|Any CPU
		{D49B7A21-644B-49D7-9A5D-387BF31EAFE5}.Debug|Mixed Platforms.Build.0 = Debug|Any CPU
		{D49B7A21-644B-49D7-9A5D-387BF31EAFE5}.Debug|x86.ActiveCfg = Debug|Any CPU
		{D49B7A21-644B-49D7-9A5D-387BF31EAFE5}.Release|Any CPU.ActiveCfg = Release|Any CPU
		{D49B7A21-644B-49D7-9A5D-387BF31EAFE5}.Release|Any CPU.Build.0 = Release|Any CPU
		{D49B7A21-644B-49D7-9A5D-387BF31EAFE5}.Release|Mixed Platforms.ActiveCfg = Release|Any CPU
		{D49B7A21-644B-49D7-9A5D-387BF31EAFE5}.Release|Mixed Platforms.Build.0 = Release|Any CPU
		{D49B7A21-644B-49D7-9A5D-387BF31EAFE5}.Release|x86.ActiveCfg = Release|Any CPU
		{05A484AB-A555-4200-936B-BEC573285BCC}.Debug|Any CPU.ActiveCfg = Debug|Any CPU
		{05A484AB-A555-4200-936B-BEC573285BCC}.Debug|Any CPU.Build.0 = Debug|Any CPU
		{05A484AB-A555-4200-936B-BEC573285BCC}.Debug|Mixed Platforms.ActiveCfg = Debug|Any CPU
		{05A484AB-A555-4200-936B-BEC573285BCC}.Debug|Mixed Platforms.Build.0 = Debug|Any CPU
		{05A484AB-A555-4200-936B-BEC573285BCC}.Debug|x86.ActiveCfg = Debug|Any CPU
		{05A484AB-A555-4200-936B-BEC573285BCC}.Release|Any CPU.ActiveCfg = Release|Any CPU
		{05A484AB-A555-4200-936B-BEC573285BCC}.Release|Any CPU.Build.0 = Release|Any CPU
		{05A484AB-A555-4200-936B-BEC573285BCC}.Release|Mixed Platforms.ActiveCfg = Release|Any CPU
		{05A484AB-A555-4200-936B-BEC573285BCC}.Release|Mixed Platforms.Build.0 = Release|Any CPU
		{05A484AB-A555-4200-936B-BEC573285BCC}.Release|x86.ActiveCfg = Release|Any CPU
		{31F91938-2997-4650-8D36-71C845F1071D}.Debug|Any CPU.ActiveCfg = Debug|Any CPU
		{31F91938-2997-4650-8D36-71C845F1071D}.Debug|Any CPU.Build.0 = Debug|Any CPU
		{31F91938-2997-4650-8D36-71C845F1071D}.Debug|Mixed Platforms.ActiveCfg = Debug|Any CPU
		{31F91938-2997-4650-8D36-71C845F1071D}.Debug|Mixed Platforms.Build.0 = Debug|Any CPU
		{31F91938-2997-4650-8D36-71C845F1071D}.Debug|x86.ActiveCfg = Debug|Any CPU
		{31F91938-2997-4650-8D36-71C845F1071D}.Release|Any CPU.ActiveCfg = Release|Any CPU
		{31F91938-2997-4650-8D36-71C845F1071D}.Release|Any CPU.Build.0 = Release|Any CPU
		{31F91938-2997-4650-8D36-71C845F1071D}.Release|Mixed Platforms.ActiveCfg = Release|Any CPU
		{31F91938-2997-4650-8D36-71C845F1071D}.Release|Mixed Platforms.Build.0 = Release|Any CPU
		{31F91938-2997-4650-8D36-71C845F1071D}.Release|x86.ActiveCfg = Release|Any CPU
		{87C1365F-B3D2-4D30-9C3B-D26CE677D7FE}.Debug|Any CPU.ActiveCfg = Debug|Any CPU
		{87C1365F-B3D2-4D30-9C3B-D26CE677D7FE}.Debug|Any CPU.Build.0 = Debug|Any CPU
		{87C1365F-B3D2-4D30-9C3B-D26CE677D7FE}.Debug|Mixed Platforms.ActiveCfg = Debug|Any CPU
		{87C1365F-B3D2-4D30-9C3B-D26CE677D7FE}.Debug|Mixed Platforms.Build.0 = Debug|Any CPU
		{87C1365F-B3D2-4D30-9C3B-D26CE677D7FE}.Debug|x86.ActiveCfg = Debug|Any CPU
		{87C1365F-B3D2-4D30-9C3B-D26CE677D7FE}.Release|Any CPU.ActiveCfg = Debug|Any CPU
		{87C1365F-B3D2-4D30-9C3B-D26CE677D7FE}.Release|Any CPU.Build.0 = Debug|Any CPU
		{87C1365F-B3D2-4D30-9C3B-D26CE677D7FE}.Release|Mixed Platforms.ActiveCfg = Debug|Any CPU
		{87C1365F-B3D2-4D30-9C3B-D26CE677D7FE}.Release|Mixed Platforms.Build.0 = Debug|Any CPU
		{87C1365F-B3D2-4D30-9C3B-D26CE677D7FE}.Release|x86.ActiveCfg = Debug|Any CPU
		{13D8FD8D-1403-4C84-823A-1E27806CAC30}.Debug|Any CPU.ActiveCfg = Debug|x86
		{13D8FD8D-1403-4C84-823A-1E27806CAC30}.Debug|Mixed Platforms.ActiveCfg = Debug|x86
		{13D8FD8D-1403-4C84-823A-1E27806CAC30}.Debug|Mixed Platforms.Build.0 = Debug|x86
		{13D8FD8D-1403-4C84-823A-1E27806CAC30}.Debug|x86.ActiveCfg = Debug|x86
		{13D8FD8D-1403-4C84-823A-1E27806CAC30}.Debug|x86.Build.0 = Debug|x86
		{13D8FD8D-1403-4C84-823A-1E27806CAC30}.Release|Any CPU.ActiveCfg = Release|x86
		{13D8FD8D-1403-4C84-823A-1E27806CAC30}.Release|Mixed Platforms.ActiveCfg = Release|x86
		{13D8FD8D-1403-4C84-823A-1E27806CAC30}.Release|Mixed Platforms.Build.0 = Release|x86
		{13D8FD8D-1403-4C84-823A-1E27806CAC30}.Release|x86.ActiveCfg = Release|x86
		{13D8FD8D-1403-4C84-823A-1E27806CAC30}.Release|x86.Build.0 = Release|x86
		{163A960D-721D-4C43-B4D9-66522FFA3BAE}.Debug|Any CPU.ActiveCfg = Debug|Any CPU
		{163A960D-721D-4C43-B4D9-66522FFA3BAE}.Debug|Any CPU.Build.0 = Debug|Any CPU
		{163A960D-721D-4C43-B4D9-66522FFA3BAE}.Debug|Mixed Platforms.ActiveCfg = Debug|Any CPU
		{163A960D-721D-4C43-B4D9-66522FFA3BAE}.Debug|Mixed Platforms.Build.0 = Debug|Any CPU
		{163A960D-721D-4C43-B4D9-66522FFA3BAE}.Debug|x86.ActiveCfg = Debug|Any CPU
		{163A960D-721D-4C43-B4D9-66522FFA3BAE}.Release|Any CPU.ActiveCfg = Release|Any CPU
		{163A960D-721D-4C43-B4D9-66522FFA3BAE}.Release|Any CPU.Build.0 = Release|Any CPU
		{163A960D-721D-4C43-B4D9-66522FFA3BAE}.Release|Mixed Platforms.ActiveCfg = Release|Any CPU
		{163A960D-721D-4C43-B4D9-66522FFA3BAE}.Release|Mixed Platforms.Build.0 = Release|Any CPU
		{163A960D-721D-4C43-B4D9-66522FFA3BAE}.Release|x86.ActiveCfg = Release|Any CPU
	EndGlobalSection
	GlobalSection(SolutionProperties) = preSolution
		HideSolutionNode = FALSE
	EndGlobalSection
EndGlobal
