
Microsoft Visual Studio Solution File, Format Version 12.00
# Visual Studio 15
VisualStudioVersion = 15.0.27004.2009
MinimumVisualStudioVersion = 10.0.40219.1
Project("{FAE04EC0-301F-11D3-BF4B-00C04F79EFBC}") = "Epi.Web", "Epi.Web\Epi.Web.csproj", "{91794FFF-48C0-414F-933E-34412A29EEAC}"
	ProjectSection(ProjectDependencies) = postProject
		{05A484AB-A555-4200-936B-BEC573285BCC} = {05A484AB-A555-4200-936B-BEC573285BCC}
		{BEFC85E4-F3A3-4108-9575-4EF1A004364E} = {BEFC85E4-F3A3-4108-9575-4EF1A004364E}
	EndProjectSection
EndProject
Project("{FAE04EC0-301F-11D3-BF4B-00C04F79EFBC}") = "Epi.Web.Interfaces", "Epi.Web.Interfaces\Epi.Web.Interfaces.csproj", "{B8AF69BD-3CE1-4AA5-875D-3FB87C7FCE44}"
EndProject
Project("{FAE04EC0-301F-11D3-BF4B-00C04F79EFBC}") = "Epi.Web.BLL", "EIWS_BLL_Core\Epi.Web.BLL.csproj", "{D49B7A21-644B-49D7-9A5D-387BF31EAFE5}"
EndProject
Project("{FAE04EC0-301F-11D3-BF4B-00C04F79EFBC}") = "Epi.Web.EF", "Epi.Web.EF\Epi.Web.EF.csproj", "{05A484AB-A555-4200-936B-BEC573285BCC}"
	ProjectSection(ProjectDependencies) = postProject
		{6E2F059B-C1CD-401F-8A63-DC2933CFB0D8} = {6E2F059B-C1CD-401F-8A63-DC2933CFB0D8}
	EndProjectSection
EndProject
Project("{FAE04EC0-301F-11D3-BF4B-00C04F79EFBC}") = "Epi.Web.Common", "Epi.Web.Common\Epi.Web.Common.csproj", "{6E2F059B-C1CD-401F-8A63-DC2933CFB0D8}"
EndProject
Project("{FAE04EC0-301F-11D3-BF4B-00C04F79EFBC}") = "Epi.Web.DynamicForms.Core", "Epi.DynamicForms.Core\Epi.Web.DynamicForms.Core.csproj", "{9624E64A-013F-41E8-84BA-C34EE744685E}"
EndProject
Project("{FAE04EC0-301F-11D3-BF4B-00C04F79EFBC}") = "Epi.Web.WCF.SurveyHost", "Epi.Web.WCF.PublishServer\Epi.Web.WCF.SurveyHost.csproj", "{BEFC85E4-F3A3-4108-9575-4EF1A004364E}"
EndProject
Project("{2150E333-8FDC-42A3-9474-1A3956D46DE8}") = "Solution Items", "Solution Items", "{2D97BB9D-8A5E-4D42-9B43-C8677E570D8F}"
	ProjectSection(SolutionItems) = preProject
		CreateDatabase.sql = CreateDatabase.sql
	EndProjectSection
EndProject
Project("{FAE04EC0-301F-11D3-BF4B-00C04F79EFBC}") = "Epi.Web.CheckCodeEngine", "Epi.Web.CheckCodeEngine\Epi.Web.CheckCodeEngine.csproj", "{6B084882-EF4F-4CF0-85B1-1E8C357AE822}"
EndProject
Project("{2150E333-8FDC-42A3-9474-1A3956D46DE8}") = ".nuget", ".nuget", "{95D9CE06-6A23-4D90-890E-A7E0BC7F8B3C}"
	ProjectSection(SolutionItems) = preProject
		.nuget\NuGet.Config = .nuget\NuGet.Config
		.nuget\NuGet.exe = .nuget\NuGet.exe
		.nuget\NuGet.targets = .nuget\NuGet.targets
	EndProjectSection
EndProject
Project("{FAE04EC0-301F-11D3-BF4B-00C04F79EFBC}") = "Epi.Web.WCF.SurveyService", "SurveyManagerInterface\Epi.Web.WCF.SurveyService.csproj", "{31F91938-2997-4650-8D36-71C845F1071D}"
EndProject
Project("{FAE04EC0-301F-11D3-BF4B-00C04F79EFBC}") = "Epi.Web.SurveyManager.Client", "Epi.Web.SurveyManager_Test\Epi.Web.SurveyManager.Client.csproj", "{13D8FD8D-1403-4C84-823A-1E27806CAC30}"
EndProject
Project("{00D1A9C2-B5F0-4AF3-8072-F6C62B433612}") = "Epi.Web.SSDT", "Epi.Web.SSDT\Epi.Web.SSDT.sqlproj", "{EC2B42BF-5E1B-439E-AD77-A4876F19F48F}"
EndProject
Project("{159641D6-6404-4A2A-AE62-294DE0FE8301}") = "Epi.Web.SSIS", "Epi.Web.SSIS\Epi.Web.SSIS.dtproj", "{9F87971F-3CF5-4C2F-9862-EB31D5A052CB}"
EndProject
Global
	GlobalSection(SolutionConfigurationPlatforms) = preSolution
		Debug|Any CPU = Debug|Any CPU
		Debug|Mixed Platforms = Debug|Mixed Platforms
		Debug|x86 = Debug|x86
		Development|Any CPU = Development|Any CPU
		Development|Mixed Platforms = Development|Mixed Platforms
		Development|x86 = Development|x86
		Release|Any CPU = Release|Any CPU
		Release|Mixed Platforms = Release|Mixed Platforms
		Release|x86 = Release|x86
	EndGlobalSection
	GlobalSection(ProjectConfigurationPlatforms) = postSolution
		{91794FFF-48C0-414F-933E-34412A29EEAC}.Debug|Any CPU.ActiveCfg = Debug|Any CPU
		{91794FFF-48C0-414F-933E-34412A29EEAC}.Debug|Any CPU.Build.0 = Debug|Any CPU
		{91794FFF-48C0-414F-933E-34412A29EEAC}.Debug|Mixed Platforms.ActiveCfg = Debug|Any CPU
		{91794FFF-48C0-414F-933E-34412A29EEAC}.Debug|Mixed Platforms.Build.0 = Debug|Any CPU
		{91794FFF-48C0-414F-933E-34412A29EEAC}.Debug|x86.ActiveCfg = Debug|Any CPU
		{91794FFF-48C0-414F-933E-34412A29EEAC}.Development|Any CPU.ActiveCfg = Debug|Any CPU
		{91794FFF-48C0-414F-933E-34412A29EEAC}.Development|Any CPU.Build.0 = Debug|Any CPU
		{91794FFF-48C0-414F-933E-34412A29EEAC}.Development|Mixed Platforms.ActiveCfg = Debug|Any CPU
		{91794FFF-48C0-414F-933E-34412A29EEAC}.Development|Mixed Platforms.Build.0 = Debug|Any CPU
		{91794FFF-48C0-414F-933E-34412A29EEAC}.Development|x86.ActiveCfg = Debug|Any CPU
		{91794FFF-48C0-414F-933E-34412A29EEAC}.Development|x86.Build.0 = Debug|Any CPU
		{91794FFF-48C0-414F-933E-34412A29EEAC}.Release|Any CPU.ActiveCfg = Release|Any CPU
		{91794FFF-48C0-414F-933E-34412A29EEAC}.Release|Any CPU.Build.0 = Release|Any CPU
		{91794FFF-48C0-414F-933E-34412A29EEAC}.Release|Mixed Platforms.ActiveCfg = Release|Any CPU
		{91794FFF-48C0-414F-933E-34412A29EEAC}.Release|Mixed Platforms.Build.0 = Release|Any CPU
		{91794FFF-48C0-414F-933E-34412A29EEAC}.Release|x86.ActiveCfg = Release|Any CPU
		{B8AF69BD-3CE1-4AA5-875D-3FB87C7FCE44}.Debug|Any CPU.ActiveCfg = Debug|Any CPU
		{B8AF69BD-3CE1-4AA5-875D-3FB87C7FCE44}.Debug|Any CPU.Build.0 = Debug|Any CPU
		{B8AF69BD-3CE1-4AA5-875D-3FB87C7FCE44}.Debug|Mixed Platforms.ActiveCfg = Debug|Any CPU
		{B8AF69BD-3CE1-4AA5-875D-3FB87C7FCE44}.Debug|Mixed Platforms.Build.0 = Debug|Any CPU
		{B8AF69BD-3CE1-4AA5-875D-3FB87C7FCE44}.Debug|x86.ActiveCfg = Debug|Any CPU
		{B8AF69BD-3CE1-4AA5-875D-3FB87C7FCE44}.Development|Any CPU.ActiveCfg = Debug|Any CPU
		{B8AF69BD-3CE1-4AA5-875D-3FB87C7FCE44}.Development|Any CPU.Build.0 = Debug|Any CPU
		{B8AF69BD-3CE1-4AA5-875D-3FB87C7FCE44}.Development|Mixed Platforms.ActiveCfg = Debug|Any CPU
		{B8AF69BD-3CE1-4AA5-875D-3FB87C7FCE44}.Development|Mixed Platforms.Build.0 = Debug|Any CPU
		{B8AF69BD-3CE1-4AA5-875D-3FB87C7FCE44}.Development|x86.ActiveCfg = Debug|Any CPU
		{B8AF69BD-3CE1-4AA5-875D-3FB87C7FCE44}.Development|x86.Build.0 = Debug|Any CPU
		{B8AF69BD-3CE1-4AA5-875D-3FB87C7FCE44}.Release|Any CPU.ActiveCfg = Release|Any CPU
		{B8AF69BD-3CE1-4AA5-875D-3FB87C7FCE44}.Release|Any CPU.Build.0 = Release|Any CPU
		{B8AF69BD-3CE1-4AA5-875D-3FB87C7FCE44}.Release|Mixed Platforms.ActiveCfg = Release|Any CPU
		{B8AF69BD-3CE1-4AA5-875D-3FB87C7FCE44}.Release|Mixed Platforms.Build.0 = Release|Any CPU
		{B8AF69BD-3CE1-4AA5-875D-3FB87C7FCE44}.Release|x86.ActiveCfg = Release|Any CPU
		{D49B7A21-644B-49D7-9A5D-387BF31EAFE5}.Debug|Any CPU.ActiveCfg = Debug|Any CPU
		{D49B7A21-644B-49D7-9A5D-387BF31EAFE5}.Debug|Any CPU.Build.0 = Debug|Any CPU
		{D49B7A21-644B-49D7-9A5D-387BF31EAFE5}.Debug|Mixed Platforms.ActiveCfg = Debug|Any CPU
		{D49B7A21-644B-49D7-9A5D-387BF31EAFE5}.Debug|Mixed Platforms.Build.0 = Debug|Any CPU
		{D49B7A21-644B-49D7-9A5D-387BF31EAFE5}.Debug|x86.ActiveCfg = Debug|Any CPU
		{D49B7A21-644B-49D7-9A5D-387BF31EAFE5}.Development|Any CPU.ActiveCfg = Debug|Any CPU
		{D49B7A21-644B-49D7-9A5D-387BF31EAFE5}.Development|Any CPU.Build.0 = Debug|Any CPU
		{D49B7A21-644B-49D7-9A5D-387BF31EAFE5}.Development|Mixed Platforms.ActiveCfg = Debug|Any CPU
		{D49B7A21-644B-49D7-9A5D-387BF31EAFE5}.Development|Mixed Platforms.Build.0 = Debug|Any CPU
		{D49B7A21-644B-49D7-9A5D-387BF31EAFE5}.Development|x86.ActiveCfg = Debug|Any CPU
		{D49B7A21-644B-49D7-9A5D-387BF31EAFE5}.Development|x86.Build.0 = Debug|Any CPU
		{D49B7A21-644B-49D7-9A5D-387BF31EAFE5}.Release|Any CPU.ActiveCfg = Release|Any CPU
		{D49B7A21-644B-49D7-9A5D-387BF31EAFE5}.Release|Any CPU.Build.0 = Release|Any CPU
		{D49B7A21-644B-49D7-9A5D-387BF31EAFE5}.Release|Mixed Platforms.ActiveCfg = Release|Any CPU
		{D49B7A21-644B-49D7-9A5D-387BF31EAFE5}.Release|Mixed Platforms.Build.0 = Release|Any CPU
		{D49B7A21-644B-49D7-9A5D-387BF31EAFE5}.Release|x86.ActiveCfg = Release|Any CPU
		{05A484AB-A555-4200-936B-BEC573285BCC}.Debug|Any CPU.ActiveCfg = Debug|Any CPU
		{05A484AB-A555-4200-936B-BEC573285BCC}.Debug|Any CPU.Build.0 = Debug|Any CPU
		{05A484AB-A555-4200-936B-BEC573285BCC}.Debug|Mixed Platforms.ActiveCfg = Debug|Any CPU
		{05A484AB-A555-4200-936B-BEC573285BCC}.Debug|Mixed Platforms.Build.0 = Debug|Any CPU
		{05A484AB-A555-4200-936B-BEC573285BCC}.Debug|x86.ActiveCfg = Debug|Any CPU
		{05A484AB-A555-4200-936B-BEC573285BCC}.Development|Any CPU.ActiveCfg = Debug|Any CPU
		{05A484AB-A555-4200-936B-BEC573285BCC}.Development|Any CPU.Build.0 = Debug|Any CPU
		{05A484AB-A555-4200-936B-BEC573285BCC}.Development|Mixed Platforms.ActiveCfg = Debug|Any CPU
		{05A484AB-A555-4200-936B-BEC573285BCC}.Development|Mixed Platforms.Build.0 = Debug|Any CPU
		{05A484AB-A555-4200-936B-BEC573285BCC}.Development|x86.ActiveCfg = Debug|Any CPU
		{05A484AB-A555-4200-936B-BEC573285BCC}.Development|x86.Build.0 = Debug|Any CPU
		{05A484AB-A555-4200-936B-BEC573285BCC}.Release|Any CPU.ActiveCfg = Release|Any CPU
		{05A484AB-A555-4200-936B-BEC573285BCC}.Release|Any CPU.Build.0 = Release|Any CPU
		{05A484AB-A555-4200-936B-BEC573285BCC}.Release|Mixed Platforms.ActiveCfg = Release|Any CPU
		{05A484AB-A555-4200-936B-BEC573285BCC}.Release|Mixed Platforms.Build.0 = Release|Any CPU
		{05A484AB-A555-4200-936B-BEC573285BCC}.Release|x86.ActiveCfg = Release|Any CPU
		{6E2F059B-C1CD-401F-8A63-DC2933CFB0D8}.Debug|Any CPU.ActiveCfg = Debug|Any CPU
		{6E2F059B-C1CD-401F-8A63-DC2933CFB0D8}.Debug|Any CPU.Build.0 = Debug|Any CPU
		{6E2F059B-C1CD-401F-8A63-DC2933CFB0D8}.Debug|Mixed Platforms.ActiveCfg = Debug|Any CPU
		{6E2F059B-C1CD-401F-8A63-DC2933CFB0D8}.Debug|Mixed Platforms.Build.0 = Debug|Any CPU
		{6E2F059B-C1CD-401F-8A63-DC2933CFB0D8}.Debug|x86.ActiveCfg = Debug|Any CPU
		{6E2F059B-C1CD-401F-8A63-DC2933CFB0D8}.Development|Any CPU.ActiveCfg = Debug|Any CPU
		{6E2F059B-C1CD-401F-8A63-DC2933CFB0D8}.Development|Any CPU.Build.0 = Debug|Any CPU
		{6E2F059B-C1CD-401F-8A63-DC2933CFB0D8}.Development|Mixed Platforms.ActiveCfg = Debug|Any CPU
		{6E2F059B-C1CD-401F-8A63-DC2933CFB0D8}.Development|Mixed Platforms.Build.0 = Debug|Any CPU
		{6E2F059B-C1CD-401F-8A63-DC2933CFB0D8}.Development|x86.ActiveCfg = Debug|Any CPU
		{6E2F059B-C1CD-401F-8A63-DC2933CFB0D8}.Development|x86.Build.0 = Debug|Any CPU
		{6E2F059B-C1CD-401F-8A63-DC2933CFB0D8}.Release|Any CPU.ActiveCfg = Release|Any CPU
		{6E2F059B-C1CD-401F-8A63-DC2933CFB0D8}.Release|Any CPU.Build.0 = Release|Any CPU
		{6E2F059B-C1CD-401F-8A63-DC2933CFB0D8}.Release|Mixed Platforms.ActiveCfg = Release|Any CPU
		{6E2F059B-C1CD-401F-8A63-DC2933CFB0D8}.Release|Mixed Platforms.Build.0 = Release|Any CPU
		{6E2F059B-C1CD-401F-8A63-DC2933CFB0D8}.Release|x86.ActiveCfg = Release|Any CPU
		{9624E64A-013F-41E8-84BA-C34EE744685E}.Debug|Any CPU.ActiveCfg = Debug|Any CPU
		{9624E64A-013F-41E8-84BA-C34EE744685E}.Debug|Any CPU.Build.0 = Debug|Any CPU
		{9624E64A-013F-41E8-84BA-C34EE744685E}.Debug|Mixed Platforms.ActiveCfg = Debug|Any CPU
		{9624E64A-013F-41E8-84BA-C34EE744685E}.Debug|Mixed Platforms.Build.0 = Debug|Any CPU
		{9624E64A-013F-41E8-84BA-C34EE744685E}.Debug|x86.ActiveCfg = Debug|Any CPU
		{9624E64A-013F-41E8-84BA-C34EE744685E}.Development|Any CPU.ActiveCfg = Debug|Any CPU
		{9624E64A-013F-41E8-84BA-C34EE744685E}.Development|Any CPU.Build.0 = Debug|Any CPU
		{9624E64A-013F-41E8-84BA-C34EE744685E}.Development|Mixed Platforms.ActiveCfg = Debug|Any CPU
		{9624E64A-013F-41E8-84BA-C34EE744685E}.Development|Mixed Platforms.Build.0 = Debug|Any CPU
		{9624E64A-013F-41E8-84BA-C34EE744685E}.Development|x86.ActiveCfg = Debug|Any CPU
		{9624E64A-013F-41E8-84BA-C34EE744685E}.Development|x86.Build.0 = Debug|Any CPU
		{9624E64A-013F-41E8-84BA-C34EE744685E}.Release|Any CPU.ActiveCfg = Release|Any CPU
		{9624E64A-013F-41E8-84BA-C34EE744685E}.Release|Any CPU.Build.0 = Release|Any CPU
		{9624E64A-013F-41E8-84BA-C34EE744685E}.Release|Mixed Platforms.ActiveCfg = Release|Any CPU
		{9624E64A-013F-41E8-84BA-C34EE744685E}.Release|Mixed Platforms.Build.0 = Release|Any CPU
		{9624E64A-013F-41E8-84BA-C34EE744685E}.Release|x86.ActiveCfg = Release|Any CPU
		{BEFC85E4-F3A3-4108-9575-4EF1A004364E}.Debug|Any CPU.ActiveCfg = Debug|Any CPU
		{BEFC85E4-F3A3-4108-9575-4EF1A004364E}.Debug|Any CPU.Build.0 = Debug|Any CPU
		{BEFC85E4-F3A3-4108-9575-4EF1A004364E}.Debug|Mixed Platforms.ActiveCfg = Debug|Any CPU
		{BEFC85E4-F3A3-4108-9575-4EF1A004364E}.Debug|Mixed Platforms.Build.0 = Debug|Any CPU
		{BEFC85E4-F3A3-4108-9575-4EF1A004364E}.Debug|x86.ActiveCfg = Debug|Any CPU
		{BEFC85E4-F3A3-4108-9575-4EF1A004364E}.Development|Any CPU.ActiveCfg = Debug|Any CPU
		{BEFC85E4-F3A3-4108-9575-4EF1A004364E}.Development|Any CPU.Build.0 = Debug|Any CPU
		{BEFC85E4-F3A3-4108-9575-4EF1A004364E}.Development|Mixed Platforms.ActiveCfg = Debug|Any CPU
		{BEFC85E4-F3A3-4108-9575-4EF1A004364E}.Development|Mixed Platforms.Build.0 = Debug|Any CPU
		{BEFC85E4-F3A3-4108-9575-4EF1A004364E}.Development|x86.ActiveCfg = Debug|Any CPU
		{BEFC85E4-F3A3-4108-9575-4EF1A004364E}.Development|x86.Build.0 = Debug|Any CPU
		{BEFC85E4-F3A3-4108-9575-4EF1A004364E}.Release|Any CPU.ActiveCfg = Release|Any CPU
		{BEFC85E4-F3A3-4108-9575-4EF1A004364E}.Release|Any CPU.Build.0 = Release|Any CPU
		{BEFC85E4-F3A3-4108-9575-4EF1A004364E}.Release|Mixed Platforms.ActiveCfg = Release|Any CPU
		{BEFC85E4-F3A3-4108-9575-4EF1A004364E}.Release|Mixed Platforms.Build.0 = Release|Any CPU
		{BEFC85E4-F3A3-4108-9575-4EF1A004364E}.Release|x86.ActiveCfg = Release|Any CPU
		{6B084882-EF4F-4CF0-85B1-1E8C357AE822}.Debug|Any CPU.ActiveCfg = Debug|Any CPU
		{6B084882-EF4F-4CF0-85B1-1E8C357AE822}.Debug|Any CPU.Build.0 = Debug|Any CPU
		{6B084882-EF4F-4CF0-85B1-1E8C357AE822}.Debug|Mixed Platforms.ActiveCfg = Debug|Any CPU
		{6B084882-EF4F-4CF0-85B1-1E8C357AE822}.Debug|Mixed Platforms.Build.0 = Debug|Any CPU
		{6B084882-EF4F-4CF0-85B1-1E8C357AE822}.Debug|x86.ActiveCfg = Debug|Any CPU
		{6B084882-EF4F-4CF0-85B1-1E8C357AE822}.Development|Any CPU.ActiveCfg = Debug|Any CPU
		{6B084882-EF4F-4CF0-85B1-1E8C357AE822}.Development|Any CPU.Build.0 = Debug|Any CPU
		{6B084882-EF4F-4CF0-85B1-1E8C357AE822}.Development|Mixed Platforms.ActiveCfg = Debug|Any CPU
		{6B084882-EF4F-4CF0-85B1-1E8C357AE822}.Development|Mixed Platforms.Build.0 = Debug|Any CPU
		{6B084882-EF4F-4CF0-85B1-1E8C357AE822}.Development|x86.ActiveCfg = Debug|Any CPU
		{6B084882-EF4F-4CF0-85B1-1E8C357AE822}.Development|x86.Build.0 = Debug|Any CPU
		{6B084882-EF4F-4CF0-85B1-1E8C357AE822}.Release|Any CPU.ActiveCfg = Release|Any CPU
		{6B084882-EF4F-4CF0-85B1-1E8C357AE822}.Release|Any CPU.Build.0 = Release|Any CPU
		{6B084882-EF4F-4CF0-85B1-1E8C357AE822}.Release|Mixed Platforms.ActiveCfg = Release|Any CPU
		{6B084882-EF4F-4CF0-85B1-1E8C357AE822}.Release|Mixed Platforms.Build.0 = Release|Any CPU
		{6B084882-EF4F-4CF0-85B1-1E8C357AE822}.Release|x86.ActiveCfg = Release|Any CPU
		{31F91938-2997-4650-8D36-71C845F1071D}.Debug|Any CPU.ActiveCfg = Debug|Any CPU
		{31F91938-2997-4650-8D36-71C845F1071D}.Debug|Any CPU.Build.0 = Debug|Any CPU
		{31F91938-2997-4650-8D36-71C845F1071D}.Debug|Mixed Platforms.ActiveCfg = Debug|Any CPU
		{31F91938-2997-4650-8D36-71C845F1071D}.Debug|Mixed Platforms.Build.0 = Debug|Any CPU
		{31F91938-2997-4650-8D36-71C845F1071D}.Debug|x86.ActiveCfg = Debug|Any CPU
		{31F91938-2997-4650-8D36-71C845F1071D}.Debug|x86.Build.0 = Debug|Any CPU
		{31F91938-2997-4650-8D36-71C845F1071D}.Development|Any CPU.ActiveCfg = Debug|Any CPU
		{31F91938-2997-4650-8D36-71C845F1071D}.Development|Any CPU.Build.0 = Debug|Any CPU
		{31F91938-2997-4650-8D36-71C845F1071D}.Development|Mixed Platforms.ActiveCfg = Debug|Any CPU
		{31F91938-2997-4650-8D36-71C845F1071D}.Development|Mixed Platforms.Build.0 = Debug|Any CPU
		{31F91938-2997-4650-8D36-71C845F1071D}.Development|x86.ActiveCfg = Debug|Any CPU
		{31F91938-2997-4650-8D36-71C845F1071D}.Development|x86.Build.0 = Debug|Any CPU
		{31F91938-2997-4650-8D36-71C845F1071D}.Release|Any CPU.ActiveCfg = Release|Any CPU
		{31F91938-2997-4650-8D36-71C845F1071D}.Release|Any CPU.Build.0 = Release|Any CPU
		{31F91938-2997-4650-8D36-71C845F1071D}.Release|Mixed Platforms.ActiveCfg = Release|Any CPU
		{31F91938-2997-4650-8D36-71C845F1071D}.Release|Mixed Platforms.Build.0 = Release|Any CPU
		{31F91938-2997-4650-8D36-71C845F1071D}.Release|x86.ActiveCfg = Release|Any CPU
		{31F91938-2997-4650-8D36-71C845F1071D}.Release|x86.Build.0 = Release|Any CPU
		{13D8FD8D-1403-4C84-823A-1E27806CAC30}.Debug|Any CPU.ActiveCfg = Debug|x86
		{13D8FD8D-1403-4C84-823A-1E27806CAC30}.Debug|Mixed Platforms.ActiveCfg = Debug|x86
		{13D8FD8D-1403-4C84-823A-1E27806CAC30}.Debug|Mixed Platforms.Build.0 = Debug|x86
		{13D8FD8D-1403-4C84-823A-1E27806CAC30}.Debug|x86.ActiveCfg = Debug|x86
		{13D8FD8D-1403-4C84-823A-1E27806CAC30}.Debug|x86.Build.0 = Debug|x86
		{13D8FD8D-1403-4C84-823A-1E27806CAC30}.Development|Any CPU.ActiveCfg = Release|x86
		{13D8FD8D-1403-4C84-823A-1E27806CAC30}.Development|Any CPU.Build.0 = Release|x86
		{13D8FD8D-1403-4C84-823A-1E27806CAC30}.Development|Mixed Platforms.ActiveCfg = Debug|x86
		{13D8FD8D-1403-4C84-823A-1E27806CAC30}.Development|Mixed Platforms.Build.0 = Debug|x86
		{13D8FD8D-1403-4C84-823A-1E27806CAC30}.Development|x86.ActiveCfg = Debug|x86
		{13D8FD8D-1403-4C84-823A-1E27806CAC30}.Development|x86.Build.0 = Debug|x86
		{13D8FD8D-1403-4C84-823A-1E27806CAC30}.Release|Any CPU.ActiveCfg = Release|x86
		{13D8FD8D-1403-4C84-823A-1E27806CAC30}.Release|Mixed Platforms.ActiveCfg = Release|x86
		{13D8FD8D-1403-4C84-823A-1E27806CAC30}.Release|Mixed Platforms.Build.0 = Release|x86
		{13D8FD8D-1403-4C84-823A-1E27806CAC30}.Release|x86.ActiveCfg = Release|x86
		{13D8FD8D-1403-4C84-823A-1E27806CAC30}.Release|x86.Build.0 = Release|x86
		{EC2B42BF-5E1B-439E-AD77-A4876F19F48F}.Debug|Any CPU.ActiveCfg = Debug|Any CPU
		{EC2B42BF-5E1B-439E-AD77-A4876F19F48F}.Debug|Any CPU.Build.0 = Debug|Any CPU
		{EC2B42BF-5E1B-439E-AD77-A4876F19F48F}.Debug|Any CPU.Deploy.0 = Debug|Any CPU
		{EC2B42BF-5E1B-439E-AD77-A4876F19F48F}.Debug|Mixed Platforms.ActiveCfg = Debug|Any CPU
		{EC2B42BF-5E1B-439E-AD77-A4876F19F48F}.Debug|Mixed Platforms.Build.0 = Debug|Any CPU
		{EC2B42BF-5E1B-439E-AD77-A4876F19F48F}.Debug|Mixed Platforms.Deploy.0 = Debug|Any CPU
		{EC2B42BF-5E1B-439E-AD77-A4876F19F48F}.Debug|x86.ActiveCfg = Debug|Any CPU
		{EC2B42BF-5E1B-439E-AD77-A4876F19F48F}.Debug|x86.Build.0 = Debug|Any CPU
		{EC2B42BF-5E1B-439E-AD77-A4876F19F48F}.Debug|x86.Deploy.0 = Debug|Any CPU
		{EC2B42BF-5E1B-439E-AD77-A4876F19F48F}.Development|Any CPU.ActiveCfg = Debug|Any CPU
		{EC2B42BF-5E1B-439E-AD77-A4876F19F48F}.Development|Any CPU.Build.0 = Debug|Any CPU
		{EC2B42BF-5E1B-439E-AD77-A4876F19F48F}.Development|Any CPU.Deploy.0 = Debug|Any CPU
		{EC2B42BF-5E1B-439E-AD77-A4876F19F48F}.Development|Mixed Platforms.ActiveCfg = Debug|Any CPU
		{EC2B42BF-5E1B-439E-AD77-A4876F19F48F}.Development|Mixed Platforms.Build.0 = Debug|Any CPU
		{EC2B42BF-5E1B-439E-AD77-A4876F19F48F}.Development|Mixed Platforms.Deploy.0 = Debug|Any CPU
		{EC2B42BF-5E1B-439E-AD77-A4876F19F48F}.Development|x86.ActiveCfg = Debug|Any CPU
		{EC2B42BF-5E1B-439E-AD77-A4876F19F48F}.Development|x86.Build.0 = Debug|Any CPU
		{EC2B42BF-5E1B-439E-AD77-A4876F19F48F}.Development|x86.Deploy.0 = Debug|Any CPU
		{EC2B42BF-5E1B-439E-AD77-A4876F19F48F}.Release|Any CPU.ActiveCfg = Release|Any CPU
		{EC2B42BF-5E1B-439E-AD77-A4876F19F48F}.Release|Any CPU.Build.0 = Release|Any CPU
		{EC2B42BF-5E1B-439E-AD77-A4876F19F48F}.Release|Any CPU.Deploy.0 = Release|Any CPU
		{EC2B42BF-5E1B-439E-AD77-A4876F19F48F}.Release|Mixed Platforms.ActiveCfg = Release|Any CPU
		{EC2B42BF-5E1B-439E-AD77-A4876F19F48F}.Release|Mixed Platforms.Build.0 = Release|Any CPU
		{EC2B42BF-5E1B-439E-AD77-A4876F19F48F}.Release|Mixed Platforms.Deploy.0 = Release|Any CPU
		{EC2B42BF-5E1B-439E-AD77-A4876F19F48F}.Release|x86.ActiveCfg = Release|Any CPU
		{EC2B42BF-5E1B-439E-AD77-A4876F19F48F}.Release|x86.Build.0 = Release|Any CPU
		{EC2B42BF-5E1B-439E-AD77-A4876F19F48F}.Release|x86.Deploy.0 = Release|Any CPU
		{9F87971F-3CF5-4C2F-9862-EB31D5A052CB}.Debug|Any CPU.ActiveCfg = Development
		{9F87971F-3CF5-4C2F-9862-EB31D5A052CB}.Debug|Any CPU.Build.0 = Development
		{9F87971F-3CF5-4C2F-9862-EB31D5A052CB}.Debug|Mixed Platforms.ActiveCfg = Development
		{9F87971F-3CF5-4C2F-9862-EB31D5A052CB}.Debug|Mixed Platforms.Build.0 = Development
		{9F87971F-3CF5-4C2F-9862-EB31D5A052CB}.Debug|x86.ActiveCfg = Development
		{9F87971F-3CF5-4C2F-9862-EB31D5A052CB}.Debug|x86.Build.0 = Development
		{9F87971F-3CF5-4C2F-9862-EB31D5A052CB}.Development|Any CPU.ActiveCfg = Development
		{9F87971F-3CF5-4C2F-9862-EB31D5A052CB}.Development|Any CPU.Build.0 = Development
		{9F87971F-3CF5-4C2F-9862-EB31D5A052CB}.Development|Mixed Platforms.ActiveCfg = Development
		{9F87971F-3CF5-4C2F-9862-EB31D5A052CB}.Development|Mixed Platforms.Build.0 = Development
		{9F87971F-3CF5-4C2F-9862-EB31D5A052CB}.Development|x86.ActiveCfg = Development
		{9F87971F-3CF5-4C2F-9862-EB31D5A052CB}.Development|x86.Build.0 = Development
		{9F87971F-3CF5-4C2F-9862-EB31D5A052CB}.Release|Any CPU.ActiveCfg = Development
		{9F87971F-3CF5-4C2F-9862-EB31D5A052CB}.Release|Any CPU.Build.0 = Development
		{9F87971F-3CF5-4C2F-9862-EB31D5A052CB}.Release|Mixed Platforms.ActiveCfg = Development
		{9F87971F-3CF5-4C2F-9862-EB31D5A052CB}.Release|Mixed Platforms.Build.0 = Development
		{9F87971F-3CF5-4C2F-9862-EB31D5A052CB}.Release|x86.ActiveCfg = Development
		{9F87971F-3CF5-4C2F-9862-EB31D5A052CB}.Release|x86.Build.0 = Development
	EndGlobalSection
	GlobalSection(SolutionProperties) = preSolution
		HideSolutionNode = FALSE
	EndGlobalSection
	GlobalSection(ExtensibilityGlobals) = postSolution
		EnterpriseLibraryConfigurationToolBinariesPath = packages\Unity.2.1.505.0\lib\NET35
		SolutionGuid = {90BC8E71-8799-4A31-90F1-9C35C40CF1F0}
	EndGlobalSection
EndGlobal
